// !$*UTF8*$!
{
	archiveVersion = 1;
	classes = {
	};
	objectVersion = 46;
	objects = {

/* Begin PBXBuildFile section */
		9C2A2CFA161CCCE9008F6006 /* UIKit.framework in Frameworks */ = {isa = PBXBuildFile; fileRef = 9C2A2CF9161CCCE9008F6006 /* UIKit.framework */; };
		9C2A2CFC161CCCE9008F6006 /* Foundation.framework in Frameworks */ = {isa = PBXBuildFile; fileRef = 9C2A2CFB161CCCE9008F6006 /* Foundation.framework */; };
		9C2A2CFE161CCCE9008F6006 /* CoreGraphics.framework in Frameworks */ = {isa = PBXBuildFile; fileRef = 9C2A2CFD161CCCE9008F6006 /* CoreGraphics.framework */; };
		9C2A2D00161CCCE9008F6006 /* GLKit.framework in Frameworks */ = {isa = PBXBuildFile; fileRef = 9C2A2CFF161CCCE9008F6006 /* GLKit.framework */; };
		9C2A2D02161CCCE9008F6006 /* OpenGLES.framework in Frameworks */ = {isa = PBXBuildFile; fileRef = 9C2A2D01161CCCE9008F6006 /* OpenGLES.framework */; };
		9C2A2D08161CCCE9008F6006 /* InfoPlist.strings in Resources */ = {isa = PBXBuildFile; fileRef = 9C2A2D06161CCCE9008F6006 /* InfoPlist.strings */; };
		9C2A2D0A161CCCE9008F6006 /* main.m in Sources */ = {isa = PBXBuildFile; fileRef = 9C2A2D09161CCCE9008F6006 /* main.m */; };
		9C2A2D0E161CCCE9008F6006 /* AppDelegate.m in Sources */ = {isa = PBXBuildFile; fileRef = 9C2A2D0D161CCCE9008F6006 /* AppDelegate.m */; };
		9C2A2D10161CCCE9008F6006 /* Default.png in Resources */ = {isa = PBXBuildFile; fileRef = 9C2A2D0F161CCCE9008F6006 /* Default.png */; };
		9C2A2D12161CCCE9008F6006 /* Default@2x.png in Resources */ = {isa = PBXBuildFile; fileRef = 9C2A2D11161CCCE9008F6006 /* Default@2x.png */; };
		9C2A2D14161CCCE9008F6006 /* Default-568h@2x.png in Resources */ = {isa = PBXBuildFile; fileRef = 9C2A2D13161CCCE9008F6006 /* Default-568h@2x.png */; };
		9C2A2D17161CCCE9008F6006 /* MainStoryboard_iPhone.storyboard in Resources */ = {isa = PBXBuildFile; fileRef = 9C2A2D15161CCCE9008F6006 /* MainStoryboard_iPhone.storyboard */; };
		9C2A2D1A161CCCE9008F6006 /* MainStoryboard_iPad.storyboard in Resources */ = {isa = PBXBuildFile; fileRef = 9C2A2D18161CCCE9008F6006 /* MainStoryboard_iPad.storyboard */; };
		9C2A2D1C161CCCE9008F6006 /* Shader.fsh in Resources */ = {isa = PBXBuildFile; fileRef = 9C2A2D1B161CCCE9008F6006 /* Shader.fsh */; };
		9C2A2D1E161CCCE9008F6006 /* Shader.vsh in Resources */ = {isa = PBXBuildFile; fileRef = 9C2A2D1D161CCCE9008F6006 /* Shader.vsh */; };
		9C2A2D21161CCCE9008F6006 /* ViewController.m in Sources */ = {isa = PBXBuildFile; fileRef = 9C2A2D20161CCCE9008F6006 /* ViewController.m */; };
		9C2A2D29161CCCEA008F6006 /* SenTestingKit.framework in Frameworks */ = {isa = PBXBuildFile; fileRef = 9C2A2D28161CCCEA008F6006 /* SenTestingKit.framework */; };
		9C2A2D2A161CCCEA008F6006 /* UIKit.framework in Frameworks */ = {isa = PBXBuildFile; fileRef = 9C2A2CF9161CCCE9008F6006 /* UIKit.framework */; };
		9C2A2D2B161CCCEA008F6006 /* Foundation.framework in Frameworks */ = {isa = PBXBuildFile; fileRef = 9C2A2CFB161CCCE9008F6006 /* Foundation.framework */; };
		9C2A2D33161CCCEA008F6006 /* InfoPlist.strings in Resources */ = {isa = PBXBuildFile; fileRef = 9C2A2D31161CCCEA008F6006 /* InfoPlist.strings */; };
		9C2A2D36161CCCEA008F6006 /* LuluTests.m in Sources */ = {isa = PBXBuildFile; fileRef = 9C2A2D35161CCCEA008F6006 /* LuluTests.m */; };
/* End PBXBuildFile section */

/* Begin PBXContainerItemProxy section */
		9C2A2D2C161CCCEA008F6006 /* PBXContainerItemProxy */ = {
			isa = PBXContainerItemProxy;
			containerPortal = 9C2A2CEC161CCCE9008F6006 /* Project object */;
			proxyType = 1;
			remoteGlobalIDString = 9C2A2CF4161CCCE9008F6006;
			remoteInfo = Lulu;
		};
/* End PBXContainerItemProxy section */

/* Begin PBXFileReference section */
		9C2A2CF5161CCCE9008F6006 /* Lulu.app */ = {isa = PBXFileReference; explicitFileType = wrapper.application; includeInIndex = 0; path = Lulu.app; sourceTree = BUILT_PRODUCTS_DIR; };
		9C2A2CF9161CCCE9008F6006 /* UIKit.framework */ = {isa = PBXFileReference; lastKnownFileType = wrapper.framework; name = UIKit.framework; path = System/Library/Frameworks/UIKit.framework; sourceTree = SDKROOT; };
		9C2A2CFB161CCCE9008F6006 /* Foundation.framework */ = {isa = PBXFileReference; lastKnownFileType = wrapper.framework; name = Foundation.framework; path = System/Library/Frameworks/Foundation.framework; sourceTree = SDKROOT; };
		9C2A2CFD161CCCE9008F6006 /* CoreGraphics.framework */ = {isa = PBXFileReference; lastKnownFileType = wrapper.framework; name = CoreGraphics.framework; path = System/Library/Frameworks/CoreGraphics.framework; sourceTree = SDKROOT; };
		9C2A2CFF161CCCE9008F6006 /* GLKit.framework */ = {isa = PBXFileReference; lastKnownFileType = wrapper.framework; name = GLKit.framework; path = System/Library/Frameworks/GLKit.framework; sourceTree = SDKROOT; };
		9C2A2D01161CCCE9008F6006 /* OpenGLES.framework */ = {isa = PBXFileReference; lastKnownFileType = wrapper.framework; name = OpenGLES.framework; path = System/Library/Frameworks/OpenGLES.framework; sourceTree = SDKROOT; };
		9C2A2D05161CCCE9008F6006 /* Lulu-Info.plist */ = {isa = PBXFileReference; lastKnownFileType = text.plist.xml; path = "Lulu-Info.plist"; sourceTree = "<group>"; };
		9C2A2D07161CCCE9008F6006 /* en */ = {isa = PBXFileReference; lastKnownFileType = text.plist.strings; name = en; path = en.lproj/InfoPlist.strings; sourceTree = "<group>"; };
		9C2A2D09161CCCE9008F6006 /* main.m */ = {isa = PBXFileReference; lastKnownFileType = sourcecode.c.objc; path = main.m; sourceTree = "<group>"; };
		9C2A2D0B161CCCE9008F6006 /* Lulu-Prefix.pch */ = {isa = PBXFileReference; lastKnownFileType = sourcecode.c.h; path = "Lulu-Prefix.pch"; sourceTree = "<group>"; };
		9C2A2D0C161CCCE9008F6006 /* AppDelegate.h */ = {isa = PBXFileReference; lastKnownFileType = sourcecode.c.h; path = AppDelegate.h; sourceTree = "<group>"; };
		9C2A2D0D161CCCE9008F6006 /* AppDelegate.m */ = {isa = PBXFileReference; lastKnownFileType = sourcecode.c.objc; path = AppDelegate.m; sourceTree = "<group>"; };
		9C2A2D0F161CCCE9008F6006 /* Default.png */ = {isa = PBXFileReference; lastKnownFileType = image.png; path = Default.png; sourceTree = "<group>"; };
		9C2A2D11161CCCE9008F6006 /* Default@2x.png */ = {isa = PBXFileReference; lastKnownFileType = image.png; path = "Default@2x.png"; sourceTree = "<group>"; };
		9C2A2D13161CCCE9008F6006 /* Default-568h@2x.png */ = {isa = PBXFileReference; lastKnownFileType = image.png; path = "Default-568h@2x.png"; sourceTree = "<group>"; };
		9C2A2D16161CCCE9008F6006 /* en */ = {isa = PBXFileReference; lastKnownFileType = file.storyboard; name = en; path = en.lproj/MainStoryboard_iPhone.storyboard; sourceTree = "<group>"; };
		9C2A2D19161CCCE9008F6006 /* en */ = {isa = PBXFileReference; lastKnownFileType = file.storyboard; name = en; path = en.lproj/MainStoryboard_iPad.storyboard; sourceTree = "<group>"; };
		9C2A2D1B161CCCE9008F6006 /* Shader.fsh */ = {isa = PBXFileReference; lastKnownFileType = sourcecode.glsl; name = Shader.fsh; path = Shaders/Shader.fsh; sourceTree = "<group>"; };
		9C2A2D1D161CCCE9008F6006 /* Shader.vsh */ = {isa = PBXFileReference; lastKnownFileType = sourcecode.glsl; name = Shader.vsh; path = Shaders/Shader.vsh; sourceTree = "<group>"; };
		9C2A2D1F161CCCE9008F6006 /* ViewController.h */ = {isa = PBXFileReference; lastKnownFileType = sourcecode.c.h; path = ViewController.h; sourceTree = "<group>"; };
		9C2A2D20161CCCE9008F6006 /* ViewController.m */ = {isa = PBXFileReference; lastKnownFileType = sourcecode.c.objc; path = ViewController.m; sourceTree = "<group>"; };
		9C2A2D27161CCCEA008F6006 /* LuluTests.octest */ = {isa = PBXFileReference; explicitFileType = wrapper.cfbundle; includeInIndex = 0; path = LuluTests.octest; sourceTree = BUILT_PRODUCTS_DIR; };
		9C2A2D28161CCCEA008F6006 /* SenTestingKit.framework */ = {isa = PBXFileReference; lastKnownFileType = wrapper.framework; name = SenTestingKit.framework; path = Library/Frameworks/SenTestingKit.framework; sourceTree = DEVELOPER_DIR; };
		9C2A2D30161CCCEA008F6006 /* LuluTests-Info.plist */ = {isa = PBXFileReference; lastKnownFileType = text.plist.xml; path = "LuluTests-Info.plist"; sourceTree = "<group>"; };
		9C2A2D32161CCCEA008F6006 /* en */ = {isa = PBXFileReference; lastKnownFileType = text.plist.strings; name = en; path = en.lproj/InfoPlist.strings; sourceTree = "<group>"; };
		9C2A2D34161CCCEA008F6006 /* LuluTests.h */ = {isa = PBXFileReference; lastKnownFileType = sourcecode.c.h; path = LuluTests.h; sourceTree = "<group>"; };
		9C2A2D35161CCCEA008F6006 /* LuluTests.m */ = {isa = PBXFileReference; lastKnownFileType = sourcecode.c.objc; path = LuluTests.m; sourceTree = "<group>"; };
/* End PBXFileReference section */

/* Begin PBXFrameworksBuildPhase section */
		9C2A2CF2161CCCE9008F6006 /* Frameworks */ = {
			isa = PBXFrameworksBuildPhase;
			buildActionMask = 2147483647;
			files = (
				9C2A2CFA161CCCE9008F6006 /* UIKit.framework in Frameworks */,
				9C2A2CFC161CCCE9008F6006 /* Foundation.framework in Frameworks */,
				9C2A2CFE161CCCE9008F6006 /* CoreGraphics.framework in Frameworks */,
				9C2A2D00161CCCE9008F6006 /* GLKit.framework in Frameworks */,
				9C2A2D02161CCCE9008F6006 /* OpenGLES.framework in Frameworks */,
			);
			runOnlyForDeploymentPostprocessing = 0;
		};
		9C2A2D23161CCCEA008F6006 /* Frameworks */ = {
			isa = PBXFrameworksBuildPhase;
			buildActionMask = 2147483647;
			files = (
				9C2A2D29161CCCEA008F6006 /* SenTestingKit.framework in Frameworks */,
				9C2A2D2A161CCCEA008F6006 /* UIKit.framework in Frameworks */,
				9C2A2D2B161CCCEA008F6006 /* Foundation.framework in Frameworks */,
			);
			runOnlyForDeploymentPostprocessing = 0;
		};
/* End PBXFrameworksBuildPhase section */

/* Begin PBXGroup section */
		9C2A2CEA161CCCE9008F6006 = {
			isa = PBXGroup;
			children = (
				9C2A2D03161CCCE9008F6006 /* Lulu */,
				9C2A2D2E161CCCEA008F6006 /* LuluTests */,
				9C2A2CF8161CCCE9008F6006 /* Frameworks */,
				9C2A2CF6161CCCE9008F6006 /* Products */,
			);
			sourceTree = "<group>";
		};
		9C2A2CF6161CCCE9008F6006 /* Products */ = {
			isa = PBXGroup;
			children = (
				9C2A2CF5161CCCE9008F6006 /* Lulu.app */,
				9C2A2D27161CCCEA008F6006 /* LuluTests.octest */,
			);
			name = Products;
			sourceTree = "<group>";
		};
		9C2A2CF8161CCCE9008F6006 /* Frameworks */ = {
			isa = PBXGroup;
			children = (
				9C2A2CF9161CCCE9008F6006 /* UIKit.framework */,
				9C2A2CFB161CCCE9008F6006 /* Foundation.framework */,
				9C2A2CFD161CCCE9008F6006 /* CoreGraphics.framework */,
				9C2A2CFF161CCCE9008F6006 /* GLKit.framework */,
				9C2A2D01161CCCE9008F6006 /* OpenGLES.framework */,
				9C2A2D28161CCCEA008F6006 /* SenTestingKit.framework */,
			);
			name = Frameworks;
			sourceTree = "<group>";
		};
		9C2A2D03161CCCE9008F6006 /* Lulu */ = {
			isa = PBXGroup;
			children = (
				9C2A2D0C161CCCE9008F6006 /* AppDelegate.h */,
				9C2A2D0D161CCCE9008F6006 /* AppDelegate.m */,
				9C2A2D15161CCCE9008F6006 /* MainStoryboard_iPhone.storyboard */,
				9C2A2D18161CCCE9008F6006 /* MainStoryboard_iPad.storyboard */,
				9C2A2D1B161CCCE9008F6006 /* Shader.fsh */,
				9C2A2D1D161CCCE9008F6006 /* Shader.vsh */,
				9C2A2D1F161CCCE9008F6006 /* ViewController.h */,
				9C2A2D20161CCCE9008F6006 /* ViewController.m */,
				9C2A2D04161CCCE9008F6006 /* Supporting Files */,
			);
			path = Lulu;
			sourceTree = "<group>";
		};
		9C2A2D04161CCCE9008F6006 /* Supporting Files */ = {
			isa = PBXGroup;
			children = (
				9C2A2D05161CCCE9008F6006 /* Lulu-Info.plist */,
				9C2A2D06161CCCE9008F6006 /* InfoPlist.strings */,
				9C2A2D09161CCCE9008F6006 /* main.m */,
				9C2A2D0B161CCCE9008F6006 /* Lulu-Prefix.pch */,
				9C2A2D0F161CCCE9008F6006 /* Default.png */,
				9C2A2D11161CCCE9008F6006 /* Default@2x.png */,
				9C2A2D13161CCCE9008F6006 /* Default-568h@2x.png */,
			);
			name = "Supporting Files";
			sourceTree = "<group>";
		};
		9C2A2D2E161CCCEA008F6006 /* LuluTests */ = {
			isa = PBXGroup;
			children = (
				9C2A2D34161CCCEA008F6006 /* LuluTests.h */,
				9C2A2D35161CCCEA008F6006 /* LuluTests.m */,
				9C2A2D2F161CCCEA008F6006 /* Supporting Files */,
			);
			path = LuluTests;
			sourceTree = "<group>";
		};
		9C2A2D2F161CCCEA008F6006 /* Supporting Files */ = {
			isa = PBXGroup;
			children = (
				9C2A2D30161CCCEA008F6006 /* LuluTests-Info.plist */,
				9C2A2D31161CCCEA008F6006 /* InfoPlist.strings */,
			);
			name = "Supporting Files";
			sourceTree = "<group>";
		};
/* End PBXGroup section */

/* Begin PBXNativeTarget section */
		9C2A2CF4161CCCE9008F6006 /* Lulu */ = {
			isa = PBXNativeTarget;
			buildConfigurationList = 9C2A2D39161CCCEA008F6006 /* Build configuration list for PBXNativeTarget "Lulu" */;
			buildPhases = (
				9C2A2CF1161CCCE9008F6006 /* Sources */,
				9C2A2CF2161CCCE9008F6006 /* Frameworks */,
				9C2A2CF3161CCCE9008F6006 /* Resources */,
			);
			buildRules = (
			);
			dependencies = (
			);
			name = Lulu;
			productName = Lulu;
			productReference = 9C2A2CF5161CCCE9008F6006 /* Lulu.app */;
			productType = "com.apple.product-type.application";
		};
		9C2A2D26161CCCEA008F6006 /* LuluTests */ = {
			isa = PBXNativeTarget;
			buildConfigurationList = 9C2A2D3C161CCCEA008F6006 /* Build configuration list for PBXNativeTarget "LuluTests" */;
			buildPhases = (
				9C2A2D22161CCCEA008F6006 /* Sources */,
				9C2A2D23161CCCEA008F6006 /* Frameworks */,
				9C2A2D24161CCCEA008F6006 /* Resources */,
				9C2A2D25161CCCEA008F6006 /* ShellScript */,
			);
			buildRules = (
			);
			dependencies = (
				9C2A2D2D161CCCEA008F6006 /* PBXTargetDependency */,
			);
			name = LuluTests;
			productName = LuluTests;
			productReference = 9C2A2D27161CCCEA008F6006 /* LuluTests.octest */;
			productType = "com.apple.product-type.bundle";
		};
/* End PBXNativeTarget section */

/* Begin PBXProject section */
		9C2A2CEC161CCCE9008F6006 /* Project object */ = {
			isa = PBXProject;
			attributes = {
				LastUpgradeCheck = 0450;
				ORGANIZATIONNAME = "Baptiste Bohelay";
			};
			buildConfigurationList = 9C2A2CEF161CCCE9008F6006 /* Build configuration list for PBXProject "Lulu" */;
			compatibilityVersion = "Xcode 3.2";
			developmentRegion = English;
			hasScannedForEncodings = 0;
			knownRegions = (
				en,
			);
			mainGroup = 9C2A2CEA161CCCE9008F6006;
			productRefGroup = 9C2A2CF6161CCCE9008F6006 /* Products */;
			projectDirPath = "";
			projectRoot = "";
			targets = (
				9C2A2CF4161CCCE9008F6006 /* Lulu */,
				9C2A2D26161CCCEA008F6006 /* LuluTests */,
			);
		};
/* End PBXProject section */

/* Begin PBXResourcesBuildPhase section */
		9C2A2CF3161CCCE9008F6006 /* Resources */ = {
			isa = PBXResourcesBuildPhase;
			buildActionMask = 2147483647;
			files = (
				9C2A2D08161CCCE9008F6006 /* InfoPlist.strings in Resources */,
				9C2A2D10161CCCE9008F6006 /* Default.png in Resources */,
				9C2A2D12161CCCE9008F6006 /* Default@2x.png in Resources */,
				9C2A2D14161CCCE9008F6006 /* Default-568h@2x.png in Resources */,
				9C2A2D17161CCCE9008F6006 /* MainStoryboard_iPhone.storyboard in Resources */,
				9C2A2D1A161CCCE9008F6006 /* MainStoryboard_iPad.storyboard in Resources */,
				9C2A2D1C161CCCE9008F6006 /* Shader.fsh in Resources */,
				9C2A2D1E161CCCE9008F6006 /* Shader.vsh in Resources */,
			);
			runOnlyForDeploymentPostprocessing = 0;
		};
		9C2A2D24161CCCEA008F6006 /* Resources */ = {
			isa = PBXResourcesBuildPhase;
			buildActionMask = 2147483647;
			files = (
				9C2A2D33161CCCEA008F6006 /* InfoPlist.strings in Resources */,
			);
			runOnlyForDeploymentPostprocessing = 0;
		};
/* End PBXResourcesBuildPhase section */

/* Begin PBXShellScriptBuildPhase section */
		9C2A2D25161CCCEA008F6006 /* ShellScript */ = {
			isa = PBXShellScriptBuildPhase;
			buildActionMask = 2147483647;
			files = (
			);
			inputPaths = (
			);
			outputPaths = (
			);
			runOnlyForDeploymentPostprocessing = 0;
			shellPath = /bin/sh;
			shellScript = "# Run the unit tests in this test bundle.\n\"${SYSTEM_DEVELOPER_DIR}/Tools/RunUnitTests\"\n";
		};
/* End PBXShellScriptBuildPhase section */

/* Begin PBXSourcesBuildPhase section */
		9C2A2CF1161CCCE9008F6006 /* Sources */ = {
			isa = PBXSourcesBuildPhase;
			buildActionMask = 2147483647;
			files = (
				9C2A2D0A161CCCE9008F6006 /* main.m in Sources */,
				9C2A2D0E161CCCE9008F6006 /* AppDelegate.m in Sources */,
				9C2A2D21161CCCE9008F6006 /* ViewController.m in Sources */,
			);
			runOnlyForDeploymentPostprocessing = 0;
		};
		9C2A2D22161CCCEA008F6006 /* Sources */ = {
			isa = PBXSourcesBuildPhase;
			buildActionMask = 2147483647;
			files = (
				9C2A2D36161CCCEA008F6006 /* LuluTests.m in Sources */,
			);
			runOnlyForDeploymentPostprocessing = 0;
		};
/* End PBXSourcesBuildPhase section */

/* Begin PBXTargetDependency section */
		9C2A2D2D161CCCEA008F6006 /* PBXTargetDependency */ = {
			isa = PBXTargetDependency;
			target = 9C2A2CF4161CCCE9008F6006 /* Lulu */;
			targetProxy = 9C2A2D2C161CCCEA008F6006 /* PBXContainerItemProxy */;
		};
/* End PBXTargetDependency section */

/* Begin PBXVariantGroup section */
		9C2A2D06161CCCE9008F6006 /* InfoPlist.strings */ = {
			isa = PBXVariantGroup;
			children = (
				9C2A2D07161CCCE9008F6006 /* en */,
			);
			name = InfoPlist.strings;
			sourceTree = "<group>";
		};
		9C2A2D15161CCCE9008F6006 /* MainStoryboard_iPhone.storyboard */ = {
			isa = PBXVariantGroup;
			children = (
				9C2A2D16161CCCE9008F6006 /* en */,
			);
			name = MainStoryboard_iPhone.storyboard;
			sourceTree = "<group>";
		};
		9C2A2D18161CCCE9008F6006 /* MainStoryboard_iPad.storyboard */ = {
			isa = PBXVariantGroup;
			children = (
				9C2A2D19161CCCE9008F6006 /* en */,
			);
			name = MainStoryboard_iPad.storyboard;
			sourceTree = "<group>";
		};
		9C2A2D31161CCCEA008F6006 /* InfoPlist.strings */ = {
			isa = PBXVariantGroup;
			children = (
				9C2A2D32161CCCEA008F6006 /* en */,
			);
			name = InfoPlist.strings;
			sourceTree = "<group>";
		};
/* End PBXVariantGroup section */

/* Begin XCBuildConfiguration section */
		9C2A2D37161CCCEA008F6006 /* Debug */ = {
			isa = XCBuildConfiguration;
			buildSettings = {
				ALWAYS_SEARCH_USER_PATHS = NO;
				CLANG_CXX_LANGUAGE_STANDARD = "gnu++0x";
				CLANG_CXX_LIBRARY = "libc++";
				CLANG_ENABLE_OBJC_ARC = YES;
				CLANG_WARN_EMPTY_BODY = YES;
				CLANG_WARN__DUPLICATE_METHOD_MATCH = YES;
				"CODE_SIGN_IDENTITY[sdk=iphoneos*]" = "iPhone Developer";
				COPY_PHASE_STRIP = NO;
				GCC_C_LANGUAGE_STANDARD = gnu99;
				GCC_DYNAMIC_NO_PIC = NO;
				GCC_OPTIMIZATION_LEVEL = 0;
				GCC_PREPROCESSOR_DEFINITIONS = (
					"DEBUG=1",
					"$(inherited)",
				);
				GCC_SYMBOLS_PRIVATE_EXTERN = NO;
				GCC_WARN_ABOUT_RETURN_TYPE = YES;
				GCC_WARN_UNINITIALIZED_AUTOS = YES;
				GCC_WARN_UNUSED_VARIABLE = YES;
				IPHONEOS_DEPLOYMENT_TARGET = 6.0;
				SDKROOT = iphoneos;
				TARGETED_DEVICE_FAMILY = "1,2";
			};
			name = Debug;
		};
		9C2A2D38161CCCEA008F6006 /* Release */ = {
			isa = XCBuildConfiguration;
			buildSettings = {
				ALWAYS_SEARCH_USER_PATHS = NO;
				CLANG_CXX_LANGUAGE_STANDARD = "gnu++0x";
				CLANG_CXX_LIBRARY = "libc++";
				CLANG_ENABLE_OBJC_ARC = YES;
				CLANG_WARN_EMPTY_BODY = YES;
				CLANG_WARN__DUPLICATE_METHOD_MATCH = YES;
				"CODE_SIGN_IDENTITY[sdk=iphoneos*]" = "iPhone Developer";
				COPY_PHASE_STRIP = YES;
				GCC_C_LANGUAGE_STANDARD = gnu99;
				GCC_WARN_ABOUT_RETURN_TYPE = YES;
				GCC_WARN_UNINITIALIZED_AUTOS = YES;
				GCC_WARN_UNUSED_VARIABLE = YES;
				IPHONEOS_DEPLOYMENT_TARGET = 6.0;
				OTHER_CFLAGS = "-DNS_BLOCK_ASSERTIONS=1";
				SDKROOT = iphoneos;
				TARGETED_DEVICE_FAMILY = "1,2";
				VALIDATE_PRODUCT = YES;
			};
			name = Release;
		};
		9C2A2D3A161CCCEA008F6006 /* Debug */ = {
			isa = XCBuildConfiguration;
			buildSettings = {
				GCC_PRECOMPILE_PREFIX_HEADER = YES;
				GCC_PREFIX_HEADER = "Lulu/Lulu-Prefix.pch";
				INFOPLIST_FILE = "Lulu/Lulu-Info.plist";
				PRODUCT_NAME = "$(TARGET_NAME)";
				WRAPPER_EXTENSION = app;
			};
			name = Debug;
		};
		9C2A2D3B161CCCEA008F6006 /* Release */ = {
			isa = XCBuildConfiguration;
			buildSettings = {
				GCC_PRECOMPILE_PREFIX_HEADER = YES;
				GCC_PREFIX_HEADER = "Lulu/Lulu-Prefix.pch";
				INFOPLIST_FILE = "Lulu/Lulu-Info.plist";
				PRODUCT_NAME = "$(TARGET_NAME)";
				WRAPPER_EXTENSION = app;
			};
			name = Release;
		};
		9C2A2D3D161CCCEA008F6006 /* Debug */ = {
			isa = XCBuildConfiguration;
			buildSettings = {
				BUNDLE_LOADER = "$(BUILT_PRODUCTS_DIR)/Lulu.app/Lulu";
				FRAMEWORK_SEARCH_PATHS = (
					"\"$(SDKROOT)/Developer/Library/Frameworks\"",
					"\"$(DEVELOPER_LIBRARY_DIR)/Frameworks\"",
				);
				GCC_PRECOMPILE_PREFIX_HEADER = YES;
				GCC_PREFIX_HEADER = "Lulu/Lulu-Prefix.pch";
				INFOPLIST_FILE = "LuluTests/LuluTests-Info.plist";
				PRODUCT_NAME = "$(TARGET_NAME)";
				TEST_HOST = "$(BUNDLE_LOADER)";
				WRAPPER_EXTENSION = octest;
			};
			name = Debug;
		};
		9C2A2D3E161CCCEA008F6006 /* Release */ = {
			isa = XCBuildConfiguration;
			buildSettings = {
				BUNDLE_LOADER = "$(BUILT_PRODUCTS_DIR)/Lulu.app/Lulu";
				FRAMEWORK_SEARCH_PATHS = (
					"\"$(SDKROOT)/Developer/Library/Frameworks\"",
					"\"$(DEVELOPER_LIBRARY_DIR)/Frameworks\"",
				);
				GCC_PRECOMPILE_PREFIX_HEADER = YES;
				GCC_PREFIX_HEADER = "Lulu/Lulu-Prefix.pch";
				INFOPLIST_FILE = "LuluTests/LuluTests-Info.plist";
				PRODUCT_NAME = "$(TARGET_NAME)";
				TEST_HOST = "$(BUNDLE_LOADER)";
				WRAPPER_EXTENSION = octest;
			};
			name = Release;
		};
/* End XCBuildConfiguration section */

/* Begin XCConfigurationList section */
		9C2A2CEF161CCCE9008F6006 /* Build configuration list for PBXProject "Lulu" */ = {
			isa = XCConfigurationList;
			buildConfigurations = (
				9C2A2D37161CCCEA008F6006 /* Debug */,
				9C2A2D38161CCCEA008F6006 /* Release */,
			);
			defaultConfigurationIsVisible = 0;
			defaultConfigurationName = Release;
		};
		9C2A2D39161CCCEA008F6006 /* Build configuration list for PBXNativeTarget "Lulu" */ = {
			isa = XCConfigurationList;
			buildConfigurations = (
				9C2A2D3A161CCCEA008F6006 /* Debug */,
				9C2A2D3B161CCCEA008F6006 /* Release */,
			);
			defaultConfigurationIsVisible = 0;
		};
		9C2A2D3C161CCCEA008F6006 /* Build configuration list for PBXNativeTarget "LuluTests" */ = {
			isa = XCConfigurationList;
			buildConfigurations = (
				9C2A2D3D161CCCEA008F6006 /* Debug */,
				9C2A2D3E161CCCEA008F6006 /* Release */,
			);
			defaultConfigurationIsVisible = 0;
		};
/* End XCConfigurationList section */
	};
	rootObject = 9C2A2CEC161CCCE9008F6006 /* Project object */;
}
